
Microsoft Visual Studio Solution File, Format Version 12.00
# Visual Studio Version 17
VisualStudioVersion = 17.2.32526.322
MinimumVisualStudioVersion = 10.0.40219.1
Project("{9A19103F-16F7-4668-BE54-9A1E7A4F7556}") = "Elephant7", "Elephant7\Elephant7.csproj", "{9DBC5C61-3A52-42EF-8EC7-B1570B3E84BD}"
EndProject
Project("{2150E333-8FDC-42A3-9474-1A3956D46DE8}") = "Solution Items", "Solution Items", "{EDBE283B-B54D-4A7A-B9A8-0803573EDD7C}"
	ProjectSection(SolutionItems) = preProject
		elephant.png = elephant.png
		Package.nuspec = Package.nuspec
		readme.md = readme.md
	EndProjectSection
EndProject
Project("{9A19103F-16F7-4668-BE54-9A1E7A4F7556}") = "Elephant7.Tests", "Elephant7.Tests\Elephant7.Tests.csproj", "{C7D0EDD6-7757-496B-A0D2-67721DDCCBC9}"
EndProject
Global
	GlobalSection(SolutionConfigurationPlatforms) = preSolution
		Debug|Any CPU = Debug|Any CPU
		Release|Any CPU = Release|Any CPU
	EndGlobalSection
	GlobalSection(ProjectConfigurationPlatforms) = postSolution
		{9DBC5C61-3A52-42EF-8EC7-B1570B3E84BD}.Debug|Any CPU.ActiveCfg = Debug|Any CPU
		{9DBC5C61-3A52-42EF-8EC7-B1570B3E84BD}.Debug|Any CPU.Build.0 = Debug|Any CPU
		{9DBC5C61-3A52-42EF-8EC7-B1570B3E84BD}.Release|Any CPU.ActiveCfg = Release|Any CPU
		{9DBC5C61-3A52-42EF-8EC7-B1570B3E84BD}.Release|Any CPU.Build.0 = Release|Any CPU
		{C7D0EDD6-7757-496B-A0D2-67721DDCCBC9}.Debug|Any CPU.ActiveCfg = Debug|Any CPU
		{C7D0EDD6-7757-496B-A0D2-67721DDCCBC9}.Debug|Any CPU.Build.0 = Debug|Any CPU
		{C7D0EDD6-7757-496B-A0D2-67721DDCCBC9}.Release|Any CPU.ActiveCfg = Release|Any CPU
		{C7D0EDD6-7757-496B-A0D2-67721DDCCBC9}.Release|Any CPU.Build.0 = Release|Any CPU
	EndGlobalSection
	GlobalSection(SolutionProperties) = preSolution
		HideSolutionNode = FALSE
	EndGlobalSection
	GlobalSection(ExtensibilityGlobals) = postSolution
		SolutionGuid = {26AD87E9-25B3-4647-A7ED-9BCDE269418F}
	EndGlobalSection
EndGlobal
